{
  "name": "leetcode",
  "version": "0.0.0-development",
  "lockfileVersion": 3,
  "requires": true,
  "packages": {
    "": {
      "name": "leetcode",
      "version": "0.0.0-development",
      "license": "ISC",
      "devDependencies": {
        "prettier": "^2.8.6"
      },
      "engines": {
        "node": ">=v18.15.0",
        "npm": ">=9.6.2"
      }
    },
    "node_modules/prettier": {
      "version": "2.8.6",
      "resolved": "https://registry.npmjs.org/prettier/-/prettier-2.8.6.tgz",
      "integrity": "sha512-mtuzdiBbHwPEgl7NxWlqOkithPyp4VN93V7VeHVWBF+ad3I5avc0RVDT4oImXQy9H/AqxA2NSQH8pSxHW6FYbQ==",
      "dev": true,
      "bin": {
        "prettier": "bin-prettier.js"
      },
      "engines": {
        "node": ">=10.13.0"
      },
      "funding": {
        "url": "https://github.com/prettier/prettier?sponsor=1"
      }
    }
  }
}
