---
lockfileVersion: '9.0'

importers:

  .:
    configDependencies: {}
    packageManagerDependencies:
      pnpm:
        specifier: 12.9.0
        version: 12.9.0

packages:

  '@pnpm/exe.android-arm64@12.9.0':
    resolution: {integrity: sha512-/53fHFwP1mBYQjli6h3LBZsocAMjrEY6hCDiomIwdLIFbtxHrWucPg/s8ozOG3K6Qt8yEA78v7fCcNrgZKTlEQ==}
    cpu: [arm64]
    os: [android]

  '@pnpm/exe.android-x64@12.9.0':
    resolution: {integrity: sha512-QI+Md3q3Df0WbDGpqciRw9ge0r7CGbxSlP3HcyIf34/YdZsbmUTl416oWOe3RrkZpVVVCA20f8B9esYrITpArA==}
    cpu: [x64]
    os: [android]

  '@pnpm/exe.darwin-arm64@12.9.0':
    resolution: {integrity: sha512-mWr7fGPYJ12GuvU/q0SyJfj7X/9Eqa5dA6cc+yUUAKRdYEcqW4lQcsDd1ArfxJNSDYooz9X+UhFeVxKO9e/xDA==}
    cpu: [arm64]
    os: [darwin]

  '@pnpm/exe.darwin-x64@12.9.0':
    resolution: {integrity: sha512-fr4ns4FyMLptdYbWqW3yc/yvbfQP7D1RBCFUJpSPr7tOzd3JxZvl+Tkvg65kEAGU5wXI6vl3eCOofumEj/n3Gw==}
    cpu: [x64]
    os: [darwin]

  '@pnpm/exe.freebsd-x64@12.9.0':
    resolution: {integrity: sha512-4+hZPeJzSSw1oOrfUg+v4QylHv6qKhdgcCnKt9ooryE79p1Z9oyozVJ5em+g6ajbvv6jlH+epnht8/s9Cp5M3Q==}
    cpu: [x64]
    os: [freebsd]

  '@pnpm/exe.linux-arm64-musl@12.9.0':
    resolution: {integrity: sha512-+mHQSbA6M6W71PyV0IxYu2T43lZA8rAhlw4Gy7EMlyiv8H2GWJAXtUXl2huw7tnsar2AhCRlPn/ZvUv+/mIBkA==}
    cpu: [arm64]
    os: [linux]
    libc: [musl]

  '@pnpm/exe.linux-arm64@12.9.0':
    resolution: {integrity: sha512-U1mBoG27+J/HuWYtVZOQrvbiKnTlDsDVzyroKQqHsJaTHTXi0H5Y+fU1GjUyMcNG5r/EXtbhp9iAwQt64uXTxQ==}
    cpu: [arm64]
    os: [linux]
    libc: [glibc]

  '@pnpm/exe.linux-ppc64@12.9.0':
    resolution: {integrity: sha512-P5bgei3i6wjlKq6s4PNg/0cvik354upY2wW3YGSfweYTABnAZP2zGzgMc0eO5SHTz934Cbya8Z0YFRdw6MfmCg==}
    cpu: [ppc64]
    os: [linux]
    libc: [glibc]

  '@pnpm/exe.linux-riscv64@12.9.0':
    resolution: {integrity: sha512-oNx2uOo2gVrRckEvz7V+FKeq9HOF0rKNHcCyxRRHSXEXpmP6ZMMgJ+iU/m/zfSGp6bAcC5mvAE270FhAeIeKhA==}
    cpu: [riscv64]
    os: [linux]
    libc: [glibc]

  '@pnpm/exe.linux-s390x@12.9.0':
    resolution: {integrity: sha512-OChHS7hOlqdBMtZqjIB1QoZGNfzLPSsvTa2kYanf3qso5Q+KgnROQ+uV4a0wRGC6sdshSA63+Ui8MCylRy6iwA==}
    cpu: [s390x]
    os: [linux]
    libc: [glibc]

  '@pnpm/exe.linux-x64-musl@12.9.0':
    resolution: {integrity: sha512-ubZPsDMXS+LEnPa7wZD18E+KTpOAZPt+ms/khfIROt+6Cp0A2kayQA8aIsvV7+jGZD0xoknvaGN/P3v9OisZUg==}
    cpu: [x64]
    os: [linux]
    libc: [musl]

  '@pnpm/exe.linux-x64@12.9.0':
    resolution: {integrity: sha512-ElANYUwQuMfWqMJR4m5L5h9zKjvGKcA8hi2put4J1DMx2smVaNGkGnxkgeIYgMjmF7UFxlZDcL4jItkScgsW4A==}
    cpu: [x64]
    os: [linux]
    libc: [glibc]

  '@pnpm/exe.win32-arm64@12.9.0':
    resolution: {integrity: sha512-cqnBKZg5e9fFghmYtgJLyZOAsS1EyLeDVJ0qNsjR7hcc+dq1mWRiDo0erqdj2PGoYaVogyF9WejZSJoKvlfXDw==}
    cpu: [arm64]
    os: [win32]

  '@pnpm/exe.win32-x64@12.9.0':
    resolution: {integrity: sha512-khqst6QGgHdKs2lEmz0N75qN/EoOcEywNQlRPfBrBrq1SytHra6ro/xViueJkVvDOz9gEO8oYcXTdZeAjErjMg==}
    cpu: [x64]
    os: [win32]

  pnpm@12.9.0:
    resolution: {integrity: sha512-j2TvoLeSmGypiuVoeRvNdyKAfidMTwwdmFPGIRZJXFhBGduYdioqU0OxaE02G5rib90W1VFmbXY1NG0/roMN3Q==}
    engines: {node: '>=18.*'}
    hasBin: true

snapshots:

  '@pnpm/exe.android-arm64@12.9.0':
    optional: true

  '@pnpm/exe.android-x64@12.9.0':
    optional: true

  '@pnpm/exe.darwin-arm64@12.9.0':
    optional: true

  '@pnpm/exe.darwin-x64@12.9.0':
    optional: true

  '@pnpm/exe.freebsd-x64@12.9.0':
    optional: true

  '@pnpm/exe.linux-arm64-musl@12.9.0':
    optional: true

  '@pnpm/exe.linux-arm64@12.9.0':
    optional: true

  '@pnpm/exe.linux-ppc64@12.9.0':
    optional: true

  '@pnpm/exe.linux-riscv64@12.9.0':
    optional: true

  '@pnpm/exe.linux-s390x@12.9.0':
    optional: true

  '@pnpm/exe.linux-x64-musl@12.9.0':
    optional: true

  '@pnpm/exe.linux-x64@12.9.0':
    optional: true

  '@pnpm/exe.win32-arm64@12.9.0':
    optional: true

  '@pnpm/exe.win32-x64@12.9.0':
    optional: true

  pnpm@12.9.0:
    optionalDependencies:
      '@pnpm/exe.android-arm64': 12.9.0
      '@pnpm/exe.android-x64': 12.9.0
      '@pnpm/exe.darwin-arm64': 12.9.0
      '@pnpm/exe.darwin-x64': 12.9.0
      '@pnpm/exe.freebsd-x64': 12.9.0
      '@pnpm/exe.linux-arm64': 12.9.0
      '@pnpm/exe.linux-arm64-musl': 12.9.0
      '@pnpm/exe.linux-ppc64': 12.9.0
      '@pnpm/exe.linux-riscv64': 12.9.0
      '@pnpm/exe.linux-s390x': 12.9.0
      '@pnpm/exe.linux-x64': 12.9.0
      '@pnpm/exe.linux-x64-musl': 12.9.0
      '@pnpm/exe.win32-arm64': 12.9.0
      '@pnpm/exe.win32-x64': 12.9.0

---
lockfileVersion: '9.0'

settings:
  autoInstallPeers: true
  excludeLinksFromLockfile: false

importers:

  .:
    devDependencies:
      cspell:
        specifier: 10.3.6
        version: 10.3.6
      oxfmt:
        specifier: 0.71.0
        version: 0.71.0

packages:

  '@cspell/cspell-bundled-dicts@10.3.6':
    resolution: {integrity: sha512-C3ggnJkA3q6/uap0h/UY1CH6SsAzfn6Y5xUDoA1PH7OJUtgGgrW/LY/vo2orN6ppH072L0Ke+sxSEY1OSBRpnA==}
    engines: {node: '>=22.18.0'}

  '@cspell/cspell-json-reporter@10.3.6':
    resolution: {integrity: sha512-eYwTqMZDIpNntPN+9pLD64ZFWJ9EiQrbas8kB6JXrS7gd+xXnDg6U+k2CmZGCpFKsArPE66PSudYRv+PoAb4CQ==}
    engines: {node: '>=22.18.0'}

  '@cspell/cspell-performance-monitor@10.3.6':
    resolution: {integrity: sha512-NISfRQ1bENcT+U9otrj+N1uyizZb7NJ8bXXnB8WYp4OHp7Hztb7wUDiNNcWoF3S8joMfMjxNr6HABeThl/Ohow==}
    engines: {node: '>=22.18.0'}

  '@cspell/cspell-pipe@10.3.6':
    resolution: {integrity: sha512-gh/a0TL5hNSegkDiRFPC4nz4qK0BaLXi+tyoZWWZA9cfkOWsQMHApBxmJcukKeFFPsId2jyep814yy8O3xwdrg==}
    engines: {node: '>=22.18.0'}

  '@cspell/cspell-resolver@10.3.6':
    resolution: {integrity: sha512-P+90E0ED3qfGhmYqV0JZcASeWBoXqddOsknnU5SYrEbEd5+LAU0SYX2H2p+GPk7uYuPE0IP1eGATfY3KkFlSfg==}
    engines: {node: '>=22.18.0'}

  '@cspell/cspell-service-bus@10.3.6':
    resolution: {integrity: sha512-4voVfeS+HEJy+bsWTQw9+cX4V2v6aGf97BRQDf0QQs/mlOfa07tLIYto/ZCbjCYUBMix64xziELrmqWkWcf2Kw==}
    engines: {node: '>=22.18.0'}

  '@cspell/cspell-types@10.3.6':
    resolution: {integrity: sha512-EJW6qFg/N1KcuNhOBo25nfL6QgrtBg1/KTzzsHpITxHSAnnZmLYCsSmEkunP8Voy4px2lkjDYN3OYEDBvPfd7A==}
    engines: {node: '>=22.18.0'}

  '@cspell/cspell-worker@10.3.6':
    resolution: {integrity: sha512-gzmadwr0R20S8w2gUMqRHd1qQjzJmm8KgFyMVo9Hb7RBaVkqthwITw1FLJW6XqGGcBBZ1nNCfc8OrTOaeA2hxQ==}
    engines: {node: '>=22.18.0'}

  '@cspell/dict-ada@4.1.1':
    resolution: {integrity: sha512-E+0YW9RhZod/9Qy2gxfNZiHJjCYFlCdI69br1eviQQWB8yOTJX0JHXLs79kOYhSW0kINPVUdvddEBe6Lu6CjGQ==}

  '@cspell/dict-al@1.1.1':
    resolution: {integrity: sha512-sD8GCaZetgQL4+MaJLXqbzWcRjfKVp8x+px3HuCaaiATAAtvjwUQ5/Iubiqwfd1boIh2Y1/3EgM3TLQ7Q8e0wQ==}

  '@cspell/dict-aws@4.0.17':
    resolution: {integrity: sha512-ORcblTWcdlGjIbWrgKF+8CNEBQiLVKdUOFoTn0KPNkAYnFcdPP0muT4892h7H4Xafh3j72wqB4/loQ6Nti9E/w==}

  '@cspell/dict-bash@4.2.3':
    resolution: {integrity: sha512-ljUZoKHbDqw5Sx0qpL2qTUlmkmr+vhZH/sCNrNaBZKTbdgiswErSnIF1jRbGmEitJNxHRHWsuZyVgnTGfVO1Yw==}

  '@cspell/dict-companies@3.2.13':
    resolution: {integrity: sha512-mBJeYzCkiiWgNQxKg7zyQOpFPwcXO4IAzXGbOEFfcQ4Q0G5Fa7Kqd8z+gvnvSK7NPWKJaFmiApC6I0cka02qmQ==}

  '@cspell/dict-cpp@7.1.3':
    resolution: {integrity: sha512-2d2MSh+C+xzzdqjLwtt40TdXWDR/pK0q1Q9L5zC+1EPSCIZxlN7CHbhlXWpl0JqUSdy2xaWaWucwnoGznMTneA==}

  '@cspell/dict-cryptocurrencies@5.0.5':
    resolution: {integrity: sha512-R68hYYF/rtlE6T/dsObStzN5QZw+0aQBinAXuWCVqwdS7YZo0X33vGMfChkHaiCo3Z2+bkegqHlqxZF4TD3rUA==}

  '@cspell/dict-csharp@4.0.8':
    resolution: {integrity: sha512-qmk45pKFHSxckl5mSlbHxmDitSsGMlk/XzFgt7emeTJWLNSTUK//MbYAkBNRtfzB4uD7pAFiKgpKgtJrTMRnrQ==}

  '@cspell/dict-css@4.1.2':
    resolution: {integrity: sha512-+ylGoKdwZ2sVOCOnU2Eq5wDZx+RaVX3HoKyNHGGsFvhSw6IidQ6tH/mAPKBDofViHJoWCPNlklE0lTr6MDG3QA==}

  '@cspell/dict-dart@2.3.2':
    resolution: {integrity: sha512-sUiLW56t9gfZcu8iR/5EUg+KYyRD83Cjl3yjDEA2ApVuJvK1HhX+vn4e4k4YfjpUQMag8XO2AaRhARE09+/rqw==}

  '@cspell/dict-data-science@2.0.16':
    resolution: {integrity: sha512-M72mxv5asuAnORurz4iXRJ+Tw9XBq6eu7D2Ne7biP0Z1RciKGNxXWu9JycA/KlVvK1hAlKj/fANlXhuEWpXKFg==}

  '@cspell/dict-django@4.1.6':
    resolution: {integrity: sha512-SdbSFDGy9ulETqNz15oWv2+kpWLlk8DJYd573xhIkeRdcXOjskRuxjSZPKfW7O3NxN/KEf3gm3IevVOiNuFS+w==}

  '@cspell/dict-docker@1.1.17':
    resolution: {integrity: sha512-OcnVTIpHIYYKhztNTyK8ShAnXTfnqs43hVH6p0py0wlcwRIXe5uj4f12n7zPf2CeBI7JAlPjEsV0Rlf4hbz/xQ==}

  '@cspell/dict-dotnet@5.0.15':
    resolution: {integrity: sha512-j2MUKPlzMeDy/mnb1EjmtkX8e6VzZdw60Qyf6vPlp7WZhUwwp2LBlKOWx7+hASjP6k4a0nDpmn77G+4upxvbZA==}

  '@cspell/dict-elixir@4.0.8':
    resolution: {integrity: sha512-CyfphrbMyl4Ms55Vzuj+mNmd693HjBFr9hvU+B2YbFEZprE5AG+EXLYTMRWrXbpds4AuZcvN3deM2XVB80BN/Q==}

  '@cspell/dict-en-common-misspellings@2.2.3':
    resolution: {integrity: sha512-rwskWjznsDSZe3ck03BGUNT3UY9MjO1e4E9LJWACFzdDjkdM7uzro2/WfKvZTBVWVnRlzdRXPrtjkUZFI2A66A==}

  '@cspell/dict-en-gb-mit@3.1.29':
    resolution: {integrity: sha512-mInExsCFZui0f9Vg/MToWfQZzwMfPgHX8BCYdZNdXWbYz+jITXcnvssbdUkui/DVbriZVJ74Zu9bv2jOEqTCNA==}

  '@cspell/dict-en_us@4.4.40':
    resolution: {integrity: sha512-TGyOaWP1dD28GRHH2Lt04ciMZC8Z6UX+5kJsi04pbQHq6uRxv14/bBVCBeSsajUXRZsJYUqXyHaHB9O0ODuFuQ==}

  '@cspell/dict-filetypes@3.0.18':
    resolution: {integrity: sha512-yU7RKD/x1IWmDLzWeiItMwgV+6bUcU/af23uS0+uGiFUbsY1qWV/D4rxlAAO6Z7no3J2z8aZOkYIOvUrJq0Rcw==}

  '@cspell/dict-flutter@1.1.1':
    resolution: {integrity: sha512-UlOzRcH2tNbFhZmHJN48Za/2/MEdRHl2BMkCWZBYs+30b91mWvBfzaN4IJQU7dUZtowKayVIF9FzvLZtZokc5A==}

  '@cspell/dict-fonts@4.0.6':
    resolution: {integrity: sha512-aR/0csY01dNb0A1tw/UmN9rKgHruUxsYsvXu6YlSBJFu60s26SKr/k1o4LavpHTQ+lznlYMqAvuxGkE4Flliqw==}

  '@cspell/dict-fsharp@1.1.1':
    resolution: {integrity: sha512-imhs0u87wEA4/cYjgzS0tAyaJpwG7vwtC8UyMFbwpmtw+/bgss+osNfyqhYRyS/ehVCWL17Ewx2UPkexjKyaBA==}

  '@cspell/dict-fullstack@3.2.9':
    resolution: {integrity: sha512-diZX+usW5aZ4/b2T0QM/H/Wl9aNMbdODa1Jq0ReBr/jazmNeWjd+PyqeVgzd1joEaHY+SAnjrf/i9CwKd2ZtWQ==}

  '@cspell/dict-gaming-terms@1.1.3':
    resolution: {integrity: sha512-hLGzd/f+KX5B/5YxAXuQi4DYEfu6IKudtNFO/Nima3JLXD+8Xn+d0q6VdaBxkWVhGYlzow9o+dce+S9mNtgpMg==}

  '@cspell/dict-git@3.1.1':
    resolution: {integrity: sha512-XvuGVYj9YEu4EzntqyhH8XlTRyy57C6j8oxkIbUQfR2UYzxZGAP77XHl7qY7eC/40r/haDwnBaccyFR6BRmUCg==}

  '@cspell/dict-golang@6.0.29':
    resolution: {integrity: sha512-EZCgfxrr5lPnYQLmSvB6YtpfoDFt2KKxAD4ppq2xGSIgDFXAF7Mv4doiXIFUQaynCBIEfAMl3f/uDfrIUo4fyQ==}

  '@cspell/dict-google@1.0.9':
    resolution: {integrity: sha512-biL65POqialY0i4g6crj7pR6JnBkbsPovB2WDYkj3H4TuC/QXv7Pu5pdPxeUJA6TSCHI7T5twsO4VSVyRxD9CA==}

  '@cspell/dict-haskell@4.0.6':
    resolution: {integrity: sha512-ib8SA5qgftExpYNjWhpYIgvDsZ/0wvKKxSP+kuSkkak520iPvTJumEpIE+qPcmJQo4NzdKMN8nEfaeci4OcFAQ==}

  '@cspell/dict-html-symbol-entities@4.0.5':
    resolution: {integrity: sha512-429alTD4cE0FIwpMucvSN35Ld87HCyuM8mF731KU5Rm4Je2SG6hmVx7nkBsLyrmH3sQukTcr1GaiZsiEg8svPA==}

  '@cspell/dict-html@4.0.16':
    resolution: {integrity: sha512-9B6/Cpb5YVcYgsEAlKudun1yd4ONllYS/ZibKLYea2apPR+l2vQdARnPrP9kTqa7NUNfRKl7m9Fb6k9rjimnow==}

  '@cspell/dict-java@5.0.12':
    resolution: {integrity: sha512-qPSNhTcl7LGJ5Qp6VN71H8zqvRQK04S08T67knMq9hTA8U7G1sTKzLmBaDOFhq17vNX/+rT+rbRYp+B5Nwza1A==}

  '@cspell/dict-julia@1.1.1':
    resolution: {integrity: sha512-WylJR9TQ2cgwd5BWEOfdO3zvDB+L7kYFm0I9u0s9jKHWQ6yKmfKeMjU9oXxTBxIufhCXm92SKwwVNAC7gjv+yA==}

  '@cspell/dict-k8s@1.0.13':
    resolution: {integrity: sha512-ELGkS13k7K/NEfVimBSrxVTfqXvOF/Kvxj4I62YxRm8bvHbfoXgrGaOx28lPiNRz+dmu+yYtvuXbnURKtYbC6g==}

  '@cspell/dict-kotlin@1.1.1':
    resolution: {integrity: sha512-J3NzzfgmxRvEeOe3qUXnSJQCd38i/dpF9/t3quuWh6gXM+krsAXP75dY1CzDmS8mrJAlBdVBeAW5eAZTD8g86Q==}

  '@cspell/dict-latex@5.1.0':
    resolution: {integrity: sha512-qxT4guhysyBt0gzoliXYEBYinkAdEtR2M7goRaUH0a7ltCsoqqAeEV8aXYRIdZGcV77gYSobvu3jJL038tlPAw==}

  '@cspell/dict-lorem-ipsum@4.0.5':
    resolution: {integrity: sha512-9a4TJYRcPWPBKkQAJ/whCu4uCAEgv/O2xAaZEI0n4y1/l18Yyx8pBKoIX5QuVXjjmKEkK7hi5SxyIsH7pFEK9Q==}

  '@cspell/dict-lua@4.0.8':
    resolution: {integrity: sha512-N4PkgNDMu9JVsRu7JBS/3E/dvfItRgk9w5ga2dKq+JupP2Y3lojNaAVFhXISh4Y0a6qXDn2clA6nvnavQ/jjLA==}

  '@cspell/dict-makefile@1.0.5':
    resolution: {integrity: sha512-4vrVt7bGiK8Rx98tfRbYo42Xo2IstJkAF4tLLDMNQLkQ86msDlYSKG1ZCk8Abg+EdNcFAjNhXIiNO+w4KflGAQ==}

  '@cspell/dict-markdown@2.0.18':
    resolution: {integrity: sha512-KLRSwVrwKDz4n7bl2XQjzvaBZbGgx5QKkP5Ok1b24xaO3TpXsLhAbAn1mItvFlI2tF6Rkt83iYjQcYppywuf5Q==}
    peerDependencies:
      '@cspell/dict-css': ^4.1.2
      '@cspell/dict-html': ^4.0.16
      '@cspell/dict-html-symbol-entities': ^4.0.5
      '@cspell/dict-typescript': ^3.2.3

  '@cspell/dict-monkeyc@1.1.2':
    resolution: {integrity: sha512-4VzwdSUVqyUVmAKAzMkVwVa7AkvSi1l1OHdQr58MWq4VR4NQDO8sVQSibd2PMxruXTkxJt9UwVQVHgaaVTiV1Q==}

  '@cspell/dict-node@5.0.9':
    resolution: {integrity: sha512-hO+ga+uYZ/WA4OtiMEyKt5rDUlUyu3nXMf8KVEeqq2msYvAPdldKBGH7lGONg6R/rPhv53Rb+0Y1SLdoK1+7wQ==}

  '@cspell/dict-npm@5.2.52':
    resolution: {integrity: sha512-JttzSladJ4KVhfg9QiBM4os+wAKbet2F58wpbM5VJLnL8fAj3xwvBvSxdY64yrW6Y5wdSPHoTCLqXOKoyBJFnA==}

  '@cspell/dict-php@4.1.3':
    resolution: {integrity: sha512-41oKzl7rLVrrVZA/Gs0ESnP6KliEX7c+IwaaNmOL3PAoHasFDVEmIFeENIzuDdM12UcHT+MlLkAm3Qw/lS/ERA==}

  '@cspell/dict-powershell@5.0.17':
    resolution: {integrity: sha512-khOoIdBgKRk2scnr7888pf70yJ1Tr3RGdnYcAN0MJ2vtaNRKoOTCFc13gXUkNDHwEyhMI1h9oz3KsT180F2amw==}

  '@cspell/dict-public-licenses@2.0.17':
    resolution: {integrity: sha512-Asdumgg3oZ4ki//b2a+beiVIsNZA5thim4t4v3lTDLY/6a8VAPmTjzC3Y2t0x7ywC/bzAhi1KW/fg8JlwHDgig==}

  '@cspell/dict-python@4.5.2':
    resolution: {integrity: sha512-CFcTDGN/ycn45WXC5ZZ06pG09WbGKMpPm1rkMuqMP98/jwjw3iiK8c0izWRd8x027n1rOZ9kJ8f9Sd+bQ22HJg==}

  '@cspell/dict-r@2.1.1':
    resolution: {integrity: sha512-71Ka+yKfG4ZHEMEmDxc6+blFkeTTvgKbKAbwiwQAuKl3zpqs1Y0vUtwW2N4b3LgmSPhV3ODVY0y4m5ofqDuKMw==}

  '@cspell/dict-ruby@5.1.4':
    resolution: {integrity: sha512-Slw1dLY/pW5liJ5Fle+MIPphIdleZkIM6STDoXCN7sy298GfbfT34sJTcSZcXzZJVXiCEAvlLp+s1YNr6DuWNg==}

  '@cspell/dict-rust@4.1.2':
    resolution: {integrity: sha512-O1FHrumYcO+HZti3dHfBPUdnDFkI+nbYK3pxYmiM1sr+G0ebOd6qchmswS0Wsc6ZdEVNiPYJY/gZQR6jfW3uOg==}

  '@cspell/dict-scala@5.0.11':
    resolution: {integrity: sha512-+D59847Y61KZ0MBoXJzBMtOXfFhezEb6ShjvJlL7bnryyy6iBwAfozbz7OJAe+KrEpYm+GlVV7Wy4FmJSgxBag==}

  '@cspell/dict-shell@1.2.0':
    resolution: {integrity: sha512-PVctvT22lJ49niMiakO8xieY7ELCAzjSqhejWR7bAMb5AZ9F4WDEs+XdGMnoVHWeXq7K5rcepLPmEJb+37zzIw==}

  '@cspell/dict-software-terms@5.4.6':
    resolution: {integrity: sha512-r4Xw367hTosVCAQ884nPWhwcy3Jc6YWQFkW1XBdxFGdzdCltzuNf9qdJL1AwiTWMbiRnifIqKaXN0A38WCVEbQ==}

  '@cspell/dict-sql@2.2.1':
    resolution: {integrity: sha512-qDHF8MpAYCf4pWU8NKbnVGzkoxMNrFqBHyG/dgrlic5EQiKANCLELYtGlX5auIMDLmTf1inA0eNtv74tyRJ/vg==}

  '@cspell/dict-svelte@1.0.7':
    resolution: {integrity: sha512-hGZsGqP0WdzKkdpeVLBivRuSNzOTvN036EBmpOwxH+FTY2DuUH7ecW+cSaMwOgmq5JFSdTcbTNFlNC8HN8lhaQ==}

  '@cspell/dict-swift@2.0.6':
    resolution: {integrity: sha512-PnpNbrIbex2aqU1kMgwEKvCzgbkHtj3dlFLPMqW1vSniop7YxaDTtvTUO4zA++ugYAEL+UK8vYrBwDPTjjvSnA==}

  '@cspell/dict-terraform@1.1.4':
    resolution: {integrity: sha512-Ere42ilvMFvQA4GlcN0OKlruMPR6EsvaB+iTHzj2xc+NJGRK64V7yApUcWrOrSgTiM/vhWXPIsK3OMfiAiNdmA==}

  '@cspell/dict-typescript@3.2.3':
    resolution: {integrity: sha512-zXh1wYsNljQZfWWdSPYwQhpwiuW0KPW1dSd8idjMRvSD0aSvWWHoWlrMsmZeRl4qM4QCEAjua8+cjflm41cQBg==}

  '@cspell/dict-vue@3.0.5':
    resolution: {integrity: sha512-Mqutb8jbM+kIcywuPQCCaK5qQHTdaByoEO2J9LKFy3sqAdiBogNkrplqUK0HyyRFgCfbJUgjz3N85iCMcWH0JA==}

  '@cspell/dict-zig@1.0.0':
    resolution: {integrity: sha512-XibBIxBlVosU06+M6uHWkFeT0/pW5WajDRYdXG2CgHnq85b0TI/Ks0FuBJykmsgi2CAD3Qtx8UHFEtl/DSFnAQ==}

  '@cspell/dynamic-import@10.3.6':
    resolution: {integrity: sha512-HGPM+lUJYIJqzjqEGteEy4w2WSiWxwjc1vBRVTncaxVMpRk5llk6SxnmautqGwvIGbEkipZ1CBuRnFpdwX9dGQ==}
    engines: {node: '>=22.18.0'}

  '@cspell/filetypes@10.3.6':
    resolution: {integrity: sha512-0zCfqsPhZY/1v6qB87AwpCgduLcVRAMyq+MQN6XhmRTfxrMZF8B4qsJafspOpYQ4XTNw5lyciwx60y1ba151cQ==}
    engines: {node: '>=22.18.0'}

  '@cspell/rpc@10.3.6':
    resolution: {integrity: sha512-ZWwwYhrlcILvmH389pShyG0ef17lKMza25eSiG6snVnpVcIK96o1Pfr4ylNkbtMlYayvmbt9kLjHroMYdmFmRQ==}
    engines: {node: '>=22.18.0'}

  '@cspell/strong-weak-map@10.3.6':
    resolution: {integrity: sha512-tkvKTTu8GRdNGZbC/Fl8Sat5UsAVhX7qsi4YX9mfd4a/Lrp9x73/mP8wGB637qqBPoN7f9x8ZR6YtTpOFVVfDA==}
    engines: {node: '>=22.18.0'}

  '@cspell/url@10.3.6':
    resolution: {integrity: sha512-IaEu6ePAWmb8QG+MFdhEnnGBAVhI+Qhph97x0v6RrwytwlyuO6MynaIcuYDCb9aLEDBVrDIGDj/+dplL+Sj8LQ==}
    engines: {node: '>=22.18.0'}

  '@oxfmt/binding-android-arm-eabi@0.71.0':
    resolution: {integrity: sha512-l31EyBfB4egJeFua11aQFEUE9nnDtfpWCadqQovm0WL30t/yUHtdFl/5HyFXvd5xT8Ewh3U4TI9f30GowrQ1fw==}
    engines: {node: ^20.19.0 || >=22.12.0}
    cpu: [arm]
    os: [android]

  '@oxfmt/binding-android-arm64@0.71.0':
    resolution: {integrity: sha512-E8q39SUZzSXQ08oZoFoTkxRADkdBNgL6De4qgZYr2O4JCunwqrZwAyCebxIF3yVHBafHM30WUkhTkDi+jNYZOw==}
    engines: {node: ^20.19.0 || >=22.12.0}
    cpu: [arm64]
    os: [android]

  '@oxfmt/binding-darwin-arm64@0.71.0':
    resolution: {integrity: sha512-pTteTrN88DicrmJ3DocBmpNDa6Umfh0iveEG8rnAlDFQpclmtDS7hnIvZbIEV9mDO0Ot1U0sjtoJQ1itd/ZMhQ==}
    engines: {node: ^20.19.0 || >=22.12.0}
    cpu: [arm64]
    os: [darwin]

  '@oxfmt/binding-darwin-x64@0.71.0':
    resolution: {integrity: sha512-G5melRC3IiNEgXlNKJhSExJYQGAQIppHFp2cl/wFrqQcEwmc4k4TkrHaFTR29SDudjoW5AZq5cXPGJDqtlH/Yg==}
    engines: {node: ^20.19.0 || >=22.12.0}
    cpu: [x64]
    os: [darwin]

  '@oxfmt/binding-freebsd-x64@0.71.0':
    resolution: {integrity: sha512-Hb1P5yKb9aiH2VSbm3Ml37mKjzqpunYet9krw/YK7V5JsAUJDQlju3Yk/dEqQvJD/usBvpi01Vbk9ZDNo0a8Cw==}
    engines: {node: ^20.19.0 || >=22.12.0}
    cpu: [x64]
    os: [freebsd]

  '@oxfmt/binding-linux-arm-gnueabihf@0.71.0':
    resolution: {integrity: sha512-r7n4JEO+rkp0kaP3ia+0hv6FzK3PQIHqaF0jxGuhjJ4JHVX9ZVRbgpDVDW+OloyuJsRWpWFDKIHe8gfl1p/4mQ==}
    engines: {node: ^20.19.0 || >=22.12.0}
    cpu: [arm]
    os: [linux]

  '@oxfmt/binding-linux-arm-musleabihf@0.71.0':
    resolution: {integrity: sha512-EEynTF4nakgqDhVCmd3cHQCmTcw0BM8ea6eHigTdtZ3yxdsBNv+dYkt+OpDDZx1n/jzjI7J+Ht7IgkqFWuJUxQ==}
    engines: {node: ^20.19.0 || >=22.12.0}
    cpu: [arm]
    os: [linux]

  '@oxfmt/binding-linux-arm64-gnu@0.71.0':
    resolution: {integrity: sha512-7VgJIrywCwR/G6YMv+HqsccUt8Z4q4mbM2xR+Ry/6AeMk4pCmZ9aO4Srd3mmrvVu8PsCZGP7oHEHSXWTmyloaQ==}
    engines: {node: ^20.19.0 || >=22.12.0}
    cpu: [arm64]
    os: [linux]
    libc: [glibc]

  '@oxfmt/binding-linux-arm64-musl@0.71.0':
    resolution: {integrity: sha512-AOCaminv/+fhinUXKvtPZT4POhNYmN9GfvaJdgJa1AbvuzClWGwDIXfJg8eu3sYaVL2B68jNvmS7LZGAYa0z3A==}
    engines: {node: ^20.19.0 || >=22.12.0}
    cpu: [arm64]
    os: [linux]
    libc: [musl]

  '@oxfmt/binding-linux-ppc64-gnu@0.71.0':
    resolution: {integrity: sha512-0SHxuaa4QRLM7jfsd8wc6L7KdLg+FR6/ah9k1eAvcrK/Sni7oxchMvsjwUsyakVAta+wBVDkjJTr7/RFU0uUGA==}
    engines: {node: ^20.19.0 || >=22.12.0}
    cpu: [ppc64]
    os: [linux]
    libc: [glibc]

  '@oxfmt/binding-linux-riscv64-gnu@0.71.0':
    resolution: {integrity: sha512-UNKj1+rPorTK6uSlQzpN96vDNbHbL/63zcpznweo0ImQdkDdtQCS7G3puxX++2cESPKT2B56Y6DICUmFTJde5A==}
    engines: {node: ^20.19.0 || >=22.12.0}
    cpu: [riscv64]
    os: [linux]
    libc: [glibc]

  '@oxfmt/binding-linux-riscv64-musl@0.71.0':
    resolution: {integrity: sha512-5cVXKj7a0mWu7GU6/bZgNyv+KtLgM5S9cnT26Os2/abj8pK/bklHsbdYEHGLLniGjNYkyzwem8mZciPCaDtilw==}
    engines: {node: ^20.19.0 || >=22.12.0}
    cpu: [riscv64]
    os: [linux]
    libc: [musl]

  '@oxfmt/binding-linux-s390x-gnu@0.71.0':
    resolution: {integrity: sha512-lNpcMuZvyU1V/CY5h19hac03m4E4PLSYRckcxZOynSPojI4Mwt6nEu9wT/gVf0bclH3xGEWjwqApnSTgjkd2oA==}
    engines: {node: ^20.19.0 || >=22.12.0}
    cpu: [s390x]
    os: [linux]
    libc: [glibc]

  '@oxfmt/binding-linux-x64-gnu@0.71.0':
    resolution: {integrity: sha512-5/Z6pUewQpknXqC4/ykK6Zc6RiteAnPem1Ci7K1RZLVF6w6MMjwHjR4vsjijW4Czidgv7HKeVglGjElADliT9w==}
    engines: {node: ^20.19.0 || >=22.12.0}
    cpu: [x64]
    os: [linux]
    libc: [glibc]

  '@oxfmt/binding-linux-x64-musl@0.71.0':
    resolution: {integrity: sha512-uVdG2N/4GEbOeljpQ+xv+NeEwJWJGj0WaxSiSYnoiqIYy3RWrWd3rGUmxWXP1A8+ferNvvwFoDAtvgsDUvBuSw==}
    engines: {node: ^20.19.0 || >=22.12.0}
    cpu: [x64]
    os: [linux]
    libc: [musl]

  '@oxfmt/binding-openharmony-arm64@0.71.0':
    resolution: {integrity: sha512-1LwEZmSDRFKeBaGd/Hgj2xI3SmgGFpF4YtgkSx0sTYdTiZfHWbcFvRIBjL1YiDNdQd9Khda3Ij8CoqBULjskDg==}
    engines: {node: ^20.19.0 || >=22.12.0}
    cpu: [arm64]
    os: [openharmony]

  '@oxfmt/binding-win32-arm64-msvc@0.71.0':
    resolution: {integrity: sha512-5tplmkeMXmza3PUptJQy25wCPJbIAg5g5r7zs+DI+7eEYOqbY+7roMdSH2zbDvv1Pb4oTDJ6NWYx9IRxBxXwhQ==}
    engines: {node: ^20.19.0 || >=22.12.0}
    cpu: [arm64]
    os: [win32]

  '@oxfmt/binding-win32-ia32-msvc@0.71.0':
    resolution: {integrity: sha512-T2LWgh3Vx4PYDjtcqRRGDyCsVxeF/VE5xTpUQiCm65bNLwMpRnJYj6Hlkf6qRM3+jxCIOqHD1kVHNQCCiAVMNQ==}
    engines: {node: ^20.19.0 || >=22.12.0}
    cpu: [ia32]
    os: [win32]

  '@oxfmt/binding-win32-x64-msvc@0.71.0':
    resolution: {integrity: sha512-L06SVp7Hu1EQTkh3+PHnKK26dxVbEpOG2InMwCooTE4MA437b5FgfTleCCiGn4ykISHnHU6UHaIg7SiMO7rBHA==}
    engines: {node: ^20.19.0 || >=22.12.0}
    cpu: [x64]
    os: [win32]

  ansi-regex@6.4.0:
    resolution: {integrity: sha512-KzTVk2tCWAHtYrvvvaP8bJKJq2pVinhLcGEQdtLIYPbmNGNyYe8QwNaTUYQp2J7/vIsUKt5QCqAfUkYyG9DkOw==}
    engines: {node: '>=12'}

  array-timsort@1.0.3:
    resolution: {integrity: sha512-/+3GRL7dDAGEfM6TseQk/U+mi18TU2Ms9I3UlLdUMhz2hbvGNTKdj9xniwXfUqgYhHxRx0+8UnKkvlNwVU+cWQ==}

  chalk-template@1.1.3:
    resolution: {integrity: sha512-KDt7oQ+LRF2VLFsTAZd76ZNCKQa8LuW7SZkNJMkriMzvlSNj6dI+S+f41mfK9oTtil49seHVyabtt1753sFL2w==}
    engines: {node: '>=14.16'}

  chalk@5.6.2:
    resolution: {integrity: sha512-7NzBL0rN6fMUW+f7A6Io4h40qQlG+xGmtMxfbnH/K7TAtt8JQWVQK+6g0UXKMeVJoyV5EkkNsErQ8pVD3bLHbA==}
    engines: {node: ^12.17.0 || ^14.13 || >=16.0.0}

  chalk@6.0.1:
    resolution: {integrity: sha512-/Ce6KNm3vIbWdMlNna6RVIZ/ICQxnJxCicet5LBKK9ZffBkqzDw0xh9EiKSljdRtiIQ1S1z4YgcscUUGzNCWrA==}
    engines: {node: '>=22'}

  commander@15.0.0:
    resolution: {integrity: sha512-z67u4ZhzCL/Tydu1lJARtEZYWbWaN7oYLHbsuzocr6y4N6WZAagG3RQ4FW61V1/0+jImpj293XfrcYnd1qxtPg==}
    engines: {node: '>=22.12.0'}

  comment-json@5.0.0:
    resolution: {integrity: sha512-uiqLcOiVDJtBP8WGkZHEP+FZIhTzP1dxvn59EfoYUi9gqupjrBWVQkO2atDrbnKPwLeotFYDsuNb26uBMqB+hw==}
    engines: {node: '>= 6'}

  cspell-config-lib@10.3.6:
    resolution: {integrity: sha512-3LcA2uIgB90Ucn3xa1lO5VVncHtsD4LZUf2ENBtHVmxFVFw1wvm1hbXL1mhenLY2xJDONGvLKRnNoowUWIZoDQ==}
    engines: {node: '>=22.18.0'}

  cspell-dictionary@10.3.6:
    resolution: {integrity: sha512-retLLs4RFAxrduMfcgGXrHbMBc4fEqFt9pFRAyyH2HOlBmEU7CsBupx91A1FUJXUrGWDnfYwSzhQcWuFAAX8iQ==}
    engines: {node: '>=22.18.0'}

  cspell-gitignore@10.3.6:
    resolution: {integrity: sha512-Nvvbz2JA4c/ykzfzmdRazmKFMAV/dmt7pg+PB5WCCe7oKPjyKTbWoWFMEF3ActteYatV+lyamGLdncJov3rREw==}
    engines: {node: '>=22.18.0'}
    hasBin: true

  cspell-glob@10.3.6:
    resolution: {integrity: sha512-mWlrUYSZh2DnXyfi5ZsHlclcd/grSbtZmv1Ug7EO2hPEWzIVctYp4RtaTEwOdjUit3dzybtSXqzqVhd4leZOKQ==}
    engines: {node: '>=22.18.0'}

  cspell-grammar@10.3.6:
    resolution: {integrity: sha512-Z9CCWEcp+Y6lVAUtY8DykG4bcp9LEh09An0qdthRXVutAvkfNKzGeSK+m6IgJNIh+eb6jW1pZ69XoSOHFDADxg==}
    engines: {node: '>=22.18.0'}
    hasBin: true

  cspell-io@10.3.6:
    resolution: {integrity: sha512-n8iBChxmLLjpFR2BaSYGVwWwM5MK3PQe83QZj6qzastb3lYff0oyH5NVXVQspyglUDy7muViddKkNJ/MbxuV/A==}
    engines: {node: '>=22.18.0'}

  cspell-lib@10.3.6:
    resolution: {integrity: sha512-zlH+vh5R6/7mEARy0Qsf9fNOihYeb15r0+bKZ0bwx0CDLuyVM1rs/BEAdRIPoaAcqdvdig0ARLdakkgM1zco/g==}
    engines: {node: '>=22.18.0'}

  cspell-trie-lib@10.3.6:
    resolution: {integrity: sha512-8PWHpsMUAl8RcB5Ho+lhrSapjcjO/f7wkF8XOxw4oSAF2mERJEm9ejuTRJyXtDmUtt831HB4f/RwKmVgjJyLGg==}
    engines: {node: '>=22.18.0'}
    peerDependencies:
      '@cspell/cspell-types': 10.3.6

  cspell@10.3.6:
    resolution: {integrity: sha512-RZDeSxy1L82U7I+cF00pG2Bh3nBy0UoNRJF3Xbq4xbbKMZHwQRYrwospDyuIvsYmKjqDSAAciNvAjHOeEhP+5A==}
    engines: {node: '>=22.18.0'}
    hasBin: true

  env-paths@4.0.0:
    resolution: {integrity: sha512-pxP8eL2SwwaTRi/KHYwLYXinDs7gL3jxFcBYmEdYfZmZXbaVDvdppd0XBU8qVz03rDfKZMXg1omHCbsJjZrMsw==}
    engines: {node: '>=20'}

  esprima@4.0.1:
    resolution: {integrity: sha512-eGuFFw7Upda+g4p+QHvnW0RyTX/SVeJBDM/gCtMARO0cLuT2HcEKnTPvhjV6aGeqrCB/sbNop0Kszm0jsaWU4A==}
    engines: {node: '>=4'}
    hasBin: true

  fast-equals@6.1.0:
    resolution: {integrity: sha512-MDA0N5wXvmx0yR0xeOf20qVMbyaEzS2kuxhBrDrIT5w3Gap7bZ/24jtvOvbthbZFmf+7PCC8XCJKGpmhVtvbIg==}
    engines: {node: '>=6.0.0'}

  fdir@6.5.0:
    resolution: {integrity: sha512-tIbYtZbucOs0BRGqPJkshJUYdL+SDH7dVM8gjy+ERp3WAUjLEFJE+02kanyHtwjWOnwrKYBiwAmM0p4kLJAnXg==}
    engines: {node: '>=12.0.0'}
    peerDependencies:
      picomatch: ^3 || ^4
    peerDependenciesMeta:
      picomatch:
        optional: true

  flatted@3.4.4:
    resolution: {integrity: sha512-5+ybhBZANEJxaH3X5evAFatUxLfEHSr7n6kYJ+1Qd0mUqr4eu9gIf6GDbWHf8RJijHrjjO8G+la14SlL2SeS1Q==}

  gensequence@8.0.8:
    resolution: {integrity: sha512-omMVniXEXpdx/vKxGnPRoO2394Otlze28TyxECbFVyoSpZ9H3EO7lemjcB12OpQJzRW4e5tt/dL1rOxry6aMHg==}
    engines: {node: '>=20'}

  global-directory@5.0.0:
    resolution: {integrity: sha512-1pgFdhK3J2LeM+dVf2Pd424yHx2ou338lC0ErNP2hPx4j8eW1Sp0XqSjNxtk6Tc4Kr5wlWtSvz8cn2yb7/SG/w==}
    engines: {node: '>=20'}

  import-fresh@4.0.1:
    resolution: {integrity: sha512-/XFeXYgkuWgbtqPC7qPKvciXTvhtz7WMNQKQsAM1Kz+j0I5OWJDrybfiya6QtHF9oEvPkLwTHmC9+4OR/MmfIA==}
    engines: {node: '>=22.15'}

  import-meta-resolve@4.2.0:
    resolution: {integrity: sha512-Iqv2fzaTQN28s/FwZAoFq0ZSs/7hMAHJVX+w8PZl3cY19Pxk6jFFalxQoIfW2826i/fDLXv8IiEZRIT0lDuWcg==}

  ini@6.0.0:
    resolution: {integrity: sha512-IBTdIkzZNOpqm7q3dRqJvMaldXjDHWkEDfrwGEQTs5eaQMWV+djAhR+wahyNNMAa+qpbDUhBMVt4ZKNwpPm7xQ==}
    engines: {node: ^20.17.0 || >=22.9.0}

  is-safe-filename@0.1.1:
    resolution: {integrity: sha512-4SrR7AdnY11LHfDKTZY1u6Ga3RuxZdl3YKWWShO5iyuG5h8QS4GD2tOb04peBJ5I7pXbR+CGBNEhTcwK+FzN3g==}
    engines: {node: '>=20'}

  oxfmt@0.71.0:
    resolution: {integrity: sha512-lUPUl0d/+Io5pDrsPXWs6rB4N/bpB78oj9CTDpnbulfDz+0r3XXcHPlQ7kRPJ2GjIT4nX+/mcqunOeP9BvsEtg==}
    engines: {node: ^20.19.0 || >=22.12.0}
    hasBin: true
    peerDependencies:
      svelte: ^5.0.0
      vite-plus: '*'
    peerDependenciesMeta:
      svelte:
        optional: true
      vite-plus:
        optional: true

  picomatch@4.0.7:
    resolution: {integrity: sha512-qcJu88Q2IWqJsDD529JKMdwGm/dvInW4HvQnRwiH9JtihJvzGOscDtHE3x1pBKeUOTysQ8kVmLnJ2kJu7yhcGA==}
    engines: {node: '>=12'}

  resolve-from@5.0.0:
    resolution: {integrity: sha512-qYg9KP24dD5qka9J47d0aVky0N+b4fTU89LN9iDnjB5waksiC49rvMB0PrUJQGoTmH50XPiqOvAjDfaijGxYZw==}
    engines: {node: '>=8'}

  semver@7.8.5:
    resolution: {integrity: sha512-Y7/KDsb8LjooZpwaqGyulO6DQlksgCncchHGk+sZIY4SBvUocMBEFH5Ur1fI4dV+Jvl0w6cjvucaIi40puRioA==}
    engines: {node: '>=10'}
    hasBin: true

  smol-toml@1.9.0:
    resolution: {integrity: sha512-hpd+HLON7HdZXqYchMM/+LaTTbdK0AU3NngIJ4KVyWbY9bfQqdL9cD+4yf6dUoU2Ap4VsU0JkQi6FxAI1B2mXQ==}
    engines: {node: '>= 18'}

  tinyglobby@0.2.17:
    resolution: {integrity: sha512-wXR/dYpcqKmfWpEdZjiKJOwCNFndD0DMnrW/cYjVGttEkBfVgcLFHoNrlj47mjOVic9yyNu65alsgF4NQyTa2g==}
    engines: {node: '>=12.0.0'}

  tinypool@2.2.0:
    resolution: {integrity: sha512-jBrmx4lYmaC9k/mgPbylxs7kBUxHtD8256up+HjLaDFfXScKJQyil+SWXSvhAtT7XHo+yTVlpB81PGmHP8oLSQ==}
    engines: {node: ^20.0.0 || >=22.0.0}

  vscode-languageserver-textdocument@1.0.15:
    resolution: {integrity: sha512-Gsfr9S8LU3S6885cS+NaleasJ0n3V5y/SOTqHCifQiXWFw3G9w9/YItDfwHrlCz+dSZWWZ8ilYVMcJe7Sz7Sxw==}

  vscode-uri@3.2.0:
    resolution: {integrity: sha512-m2gXo3bn0G1kT9InzMf07fTbqMbGtyckj3bH5ktLO+1Ssv+yiATZ4dhwaQv9UZWxJh6E9IFGnQyjgWVDWVBDrg==}

  xdg-basedir@5.1.0:
    resolution: {integrity: sha512-GCPAHLvrIH13+c0SuacwvRYj2SxJXQ4kaVTT5xgL3kPrz56XxkF21IGhjSE1+W0aw7gpBWRGXLCPnPby6lSpmQ==}
    engines: {node: '>=12'}

  yaml@2.9.1:
    resolution: {integrity: sha512-3NxN8+78OdzbT7C/WjGsyfPAtJaN3FNDsWxv7Y7mcDsT/oOmgW8BpyQQFFBnvZE3j9Y2Sdz1ULFLezL7Eb2yFw==}
    engines: {node: '>= 14.6'}
    hasBin: true

snapshots:

  '@cspell/cspell-bundled-dicts@10.3.6':
    dependencies:
      '@cspell/dict-ada': 4.1.1
      '@cspell/dict-al': 1.1.1
      '@cspell/dict-aws': 4.0.17
      '@cspell/dict-bash': 4.2.3
      '@cspell/dict-companies': 3.2.13
      '@cspell/dict-cpp': 7.1.3
      '@cspell/dict-cryptocurrencies': 5.0.5
      '@cspell/dict-csharp': 4.0.8
      '@cspell/dict-css': 4.1.2
      '@cspell/dict-dart': 2.3.2
      '@cspell/dict-data-science': 2.0.16
      '@cspell/dict-django': 4.1.6
      '@cspell/dict-docker': 1.1.17
      '@cspell/dict-dotnet': 5.0.15
      '@cspell/dict-elixir': 4.0.8
      '@cspell/dict-en-common-misspellings': 2.2.3
      '@cspell/dict-en-gb-mit': 3.1.29
      '@cspell/dict-en_us': 4.4.40
      '@cspell/dict-filetypes': 3.0.18
      '@cspell/dict-flutter': 1.1.1
      '@cspell/dict-fonts': 4.0.6
      '@cspell/dict-fsharp': 1.1.1
      '@cspell/dict-fullstack': 3.2.9
      '@cspell/dict-gaming-terms': 1.1.3
      '@cspell/dict-git': 3.1.1
      '@cspell/dict-golang': 6.0.29
      '@cspell/dict-google': 1.0.9
      '@cspell/dict-haskell': 4.0.6
      '@cspell/dict-html': 4.0.16
      '@cspell/dict-html-symbol-entities': 4.0.5
      '@cspell/dict-java': 5.0.12
      '@cspell/dict-julia': 1.1.1
      '@cspell/dict-k8s': 1.0.13
      '@cspell/dict-kotlin': 1.1.1
      '@cspell/dict-latex': 5.1.0
      '@cspell/dict-lorem-ipsum': 4.0.5
      '@cspell/dict-lua': 4.0.8
      '@cspell/dict-makefile': 1.0.5
      '@cspell/dict-markdown': 2.0.18(@cspell/dict-css@4.1.2)(@cspell/dict-html-symbol-entities@4.0.5)(@cspell/dict-html@4.0.16)(@cspell/dict-typescript@3.2.3)
      '@cspell/dict-monkeyc': 1.1.2
      '@cspell/dict-node': 5.0.9
      '@cspell/dict-npm': 5.2.52
      '@cspell/dict-php': 4.1.3
      '@cspell/dict-powershell': 5.0.17
      '@cspell/dict-public-licenses': 2.0.17
      '@cspell/dict-python': 4.5.2
      '@cspell/dict-r': 2.1.1
      '@cspell/dict-ruby': 5.1.4
      '@cspell/dict-rust': 4.1.2
      '@cspell/dict-scala': 5.0.11
      '@cspell/dict-shell': 1.2.0
      '@cspell/dict-software-terms': 5.4.6
      '@cspell/dict-sql': 2.2.1
      '@cspell/dict-svelte': 1.0.7
      '@cspell/dict-swift': 2.0.6
      '@cspell/dict-terraform': 1.1.4
      '@cspell/dict-typescript': 3.2.3
      '@cspell/dict-vue': 3.0.5
      '@cspell/dict-zig': 1.0.0

  '@cspell/cspell-json-reporter@10.3.6':
    dependencies:
      '@cspell/cspell-types': 10.3.6

  '@cspell/cspell-performance-monitor@10.3.6': {}

  '@cspell/cspell-pipe@10.3.6': {}

  '@cspell/cspell-resolver@10.3.6':
    dependencies:
      global-directory: 5.0.0

  '@cspell/cspell-service-bus@10.3.6': {}

  '@cspell/cspell-types@10.3.6': {}

  '@cspell/cspell-worker@10.3.6':
    dependencies:
      cspell-lib: 10.3.6

  '@cspell/dict-ada@4.1.1': {}

  '@cspell/dict-al@1.1.1': {}

  '@cspell/dict-aws@4.0.17': {}

  '@cspell/dict-bash@4.2.3':
    dependencies:
      '@cspell/dict-shell': 1.2.0

  '@cspell/dict-companies@3.2.13': {}

  '@cspell/dict-cpp@7.1.3': {}

  '@cspell/dict-cryptocurrencies@5.0.5': {}

  '@cspell/dict-csharp@4.0.8': {}

  '@cspell/dict-css@4.1.2': {}

  '@cspell/dict-dart@2.3.2': {}

  '@cspell/dict-data-science@2.0.16': {}

  '@cspell/dict-django@4.1.6': {}

  '@cspell/dict-docker@1.1.17': {}

  '@cspell/dict-dotnet@5.0.15': {}

  '@cspell/dict-elixir@4.0.8': {}

  '@cspell/dict-en-common-misspellings@2.2.3': {}

  '@cspell/dict-en-gb-mit@3.1.29': {}

  '@cspell/dict-en_us@4.4.40': {}

  '@cspell/dict-filetypes@3.0.18': {}

  '@cspell/dict-flutter@1.1.1': {}

  '@cspell/dict-fonts@4.0.6': {}

  '@cspell/dict-fsharp@1.1.1': {}

  '@cspell/dict-fullstack@3.2.9': {}

  '@cspell/dict-gaming-terms@1.1.3': {}

  '@cspell/dict-git@3.1.1': {}

  '@cspell/dict-golang@6.0.29': {}

  '@cspell/dict-google@1.0.9': {}

  '@cspell/dict-haskell@4.0.6': {}

  '@cspell/dict-html-symbol-entities@4.0.5': {}

  '@cspell/dict-html@4.0.16': {}

  '@cspell/dict-java@5.0.12': {}

  '@cspell/dict-julia@1.1.1': {}

  '@cspell/dict-k8s@1.0.13': {}

  '@cspell/dict-kotlin@1.1.1': {}

  '@cspell/dict-latex@5.1.0': {}

  '@cspell/dict-lorem-ipsum@4.0.5': {}

  '@cspell/dict-lua@4.0.8': {}

  '@cspell/dict-makefile@1.0.5': {}

  '@cspell/dict-markdown@2.0.18(@cspell/dict-css@4.1.2)(@cspell/dict-html-symbol-entities@4.0.5)(@cspell/dict-html@4.0.16)(@cspell/dict-typescript@3.2.3)':
    dependencies:
      '@cspell/dict-css': 4.1.2
      '@cspell/dict-html': 4.0.16
      '@cspell/dict-html-symbol-entities': 4.0.5
      '@cspell/dict-typescript': 3.2.3

  '@cspell/dict-monkeyc@1.1.2': {}

  '@cspell/dict-node@5.0.9': {}

  '@cspell/dict-npm@5.2.52': {}

  '@cspell/dict-php@4.1.3': {}

  '@cspell/dict-powershell@5.0.17': {}

  '@cspell/dict-public-licenses@2.0.17': {}

  '@cspell/dict-python@4.5.2':
    dependencies:
      '@cspell/dict-data-science': 2.0.16

  '@cspell/dict-r@2.1.1': {}

  '@cspell/dict-ruby@5.1.4': {}

  '@cspell/dict-rust@4.1.2': {}

  '@cspell/dict-scala@5.0.11': {}

  '@cspell/dict-shell@1.2.0': {}

  '@cspell/dict-software-terms@5.4.6': {}

  '@cspell/dict-sql@2.2.1': {}

  '@cspell/dict-svelte@1.0.7': {}

  '@cspell/dict-swift@2.0.6': {}

  '@cspell/dict-terraform@1.1.4': {}

  '@cspell/dict-typescript@3.2.3': {}

  '@cspell/dict-vue@3.0.5': {}

  '@cspell/dict-zig@1.0.0': {}

  '@cspell/dynamic-import@10.3.6':
    dependencies:
      '@cspell/url': 10.3.6
      import-meta-resolve: 4.2.0

  '@cspell/filetypes@10.3.6': {}

  '@cspell/rpc@10.3.6': {}

  '@cspell/strong-weak-map@10.3.6': {}

  '@cspell/url@10.3.6': {}

  '@oxfmt/binding-android-arm-eabi@0.71.0':
    optional: true

  '@oxfmt/binding-android-arm64@0.71.0':
    optional: true

  '@oxfmt/binding-darwin-arm64@0.71.0':
    optional: true

  '@oxfmt/binding-darwin-x64@0.71.0':
    optional: true

  '@oxfmt/binding-freebsd-x64@0.71.0':
    optional: true

  '@oxfmt/binding-linux-arm-gnueabihf@0.71.0':
    optional: true

  '@oxfmt/binding-linux-arm-musleabihf@0.71.0':
    optional: true

  '@oxfmt/binding-linux-arm64-gnu@0.71.0':
    optional: true

  '@oxfmt/binding-linux-arm64-musl@0.71.0':
    optional: true

  '@oxfmt/binding-linux-ppc64-gnu@0.71.0':
    optional: true

  '@oxfmt/binding-linux-riscv64-gnu@0.71.0':
    optional: true

  '@oxfmt/binding-linux-riscv64-musl@0.71.0':
    optional: true

  '@oxfmt/binding-linux-s390x-gnu@0.71.0':
    optional: true

  '@oxfmt/binding-linux-x64-gnu@0.71.0':
    optional: true

  '@oxfmt/binding-linux-x64-musl@0.71.0':
    optional: true

  '@oxfmt/binding-openharmony-arm64@0.71.0':
    optional: true

  '@oxfmt/binding-win32-arm64-msvc@0.71.0':
    optional: true

  '@oxfmt/binding-win32-ia32-msvc@0.71.0':
    optional: true

  '@oxfmt/binding-win32-x64-msvc@0.71.0':
    optional: true

  ansi-regex@6.4.0: {}

  array-timsort@1.0.3: {}

  chalk-template@1.1.3:
    dependencies:
      chalk: 5.6.2

  chalk@5.6.2: {}

  chalk@6.0.1: {}

  commander@15.0.0: {}

  comment-json@5.0.0:
    dependencies:
      array-timsort: 1.0.3
      esprima: 4.0.1

  cspell-config-lib@10.3.6:
    dependencies:
      '@cspell/cspell-types': 10.3.6
      comment-json: 5.0.0
      smol-toml: 1.9.0
      yaml: 2.9.1

  cspell-dictionary@10.3.6:
    dependencies:
      '@cspell/cspell-performance-monitor': 10.3.6
      '@cspell/cspell-pipe': 10.3.6
      '@cspell/cspell-types': 10.3.6
      cspell-trie-lib: 10.3.6(@cspell/cspell-types@10.3.6)
      fast-equals: 6.1.0

  cspell-gitignore@10.3.6:
    dependencies:
      '@cspell/url': 10.3.6
      cspell-glob: 10.3.6
      cspell-io: 10.3.6

  cspell-glob@10.3.6:
    dependencies:
      '@cspell/url': 10.3.6
      picomatch: 4.0.7

  cspell-grammar@10.3.6:
    dependencies:
      '@cspell/cspell-pipe': 10.3.6
      '@cspell/cspell-types': 10.3.6

  cspell-io@10.3.6:
    dependencies:
      '@cspell/cspell-service-bus': 10.3.6
      '@cspell/url': 10.3.6

  cspell-lib@10.3.6:
    dependencies:
      '@cspell/cspell-bundled-dicts': 10.3.6
      '@cspell/cspell-performance-monitor': 10.3.6
      '@cspell/cspell-pipe': 10.3.6
      '@cspell/cspell-resolver': 10.3.6
      '@cspell/cspell-types': 10.3.6
      '@cspell/dynamic-import': 10.3.6
      '@cspell/filetypes': 10.3.6
      '@cspell/rpc': 10.3.6
      '@cspell/strong-weak-map': 10.3.6
      '@cspell/url': 10.3.6
      cspell-config-lib: 10.3.6
      cspell-dictionary: 10.3.6
      cspell-glob: 10.3.6
      cspell-grammar: 10.3.6
      cspell-io: 10.3.6
      cspell-trie-lib: 10.3.6(@cspell/cspell-types@10.3.6)
      env-paths: 4.0.0
      gensequence: 8.0.8
      import-fresh: 4.0.1
      resolve-from: 5.0.0
      vscode-languageserver-textdocument: 1.0.15
      vscode-uri: 3.2.0
      xdg-basedir: 5.1.0

  cspell-trie-lib@10.3.6(@cspell/cspell-types@10.3.6):
    dependencies:
      '@cspell/cspell-types': 10.3.6

  cspell@10.3.6:
    dependencies:
      '@cspell/cspell-json-reporter': 10.3.6
      '@cspell/cspell-performance-monitor': 10.3.6
      '@cspell/cspell-pipe': 10.3.6
      '@cspell/cspell-types': 10.3.6
      '@cspell/cspell-worker': 10.3.6
      '@cspell/dynamic-import': 10.3.6
      '@cspell/url': 10.3.6
      ansi-regex: 6.4.0
      chalk: 6.0.1
      chalk-template: 1.1.3
      commander: 15.0.0
      cspell-config-lib: 10.3.6
      cspell-dictionary: 10.3.6
      cspell-gitignore: 10.3.6
      cspell-glob: 10.3.6
      cspell-io: 10.3.6
      cspell-lib: 10.3.6
      flatted: 3.4.4
      semver: 7.8.5
      tinyglobby: 0.2.17

  env-paths@4.0.0:
    dependencies:
      is-safe-filename: 0.1.1

  esprima@4.0.1: {}

  fast-equals@6.1.0: {}

  fdir@6.5.0(picomatch@4.0.7):
    optionalDependencies:
      picomatch: 4.0.7

  flatted@3.4.4: {}

  gensequence@8.0.8: {}

  global-directory@5.0.0:
    dependencies:
      ini: 6.0.0

  import-fresh@4.0.1: {}

  import-meta-resolve@4.2.0: {}

  ini@6.0.0: {}

  is-safe-filename@0.1.1: {}

  oxfmt@0.71.0:
    dependencies:
      tinypool: 2.2.0
    optionalDependencies:
      '@oxfmt/binding-android-arm-eabi': 0.71.0
      '@oxfmt/binding-android-arm64': 0.71.0
      '@oxfmt/binding-darwin-arm64': 0.71.0
      '@oxfmt/binding-darwin-x64': 0.71.0
      '@oxfmt/binding-freebsd-x64': 0.71.0
      '@oxfmt/binding-linux-arm-gnueabihf': 0.71.0
      '@oxfmt/binding-linux-arm-musleabihf': 0.71.0
      '@oxfmt/binding-linux-arm64-gnu': 0.71.0
      '@oxfmt/binding-linux-arm64-musl': 0.71.0
      '@oxfmt/binding-linux-ppc64-gnu': 0.71.0
      '@oxfmt/binding-linux-riscv64-gnu': 0.71.0
      '@oxfmt/binding-linux-riscv64-musl': 0.71.0
      '@oxfmt/binding-linux-s390x-gnu': 0.71.0
      '@oxfmt/binding-linux-x64-gnu': 0.71.0
      '@oxfmt/binding-linux-x64-musl': 0.71.0
      '@oxfmt/binding-openharmony-arm64': 0.71.0
      '@oxfmt/binding-win32-arm64-msvc': 0.71.0
      '@oxfmt/binding-win32-ia32-msvc': 0.71.0
      '@oxfmt/binding-win32-x64-msvc': 0.71.0

  picomatch@4.0.7: {}

  resolve-from@5.0.0: {}

  semver@7.8.5: {}

  smol-toml@1.9.0: {}

  tinyglobby@0.2.17:
    dependencies:
      fdir: 6.5.0(picomatch@4.0.7)
      picomatch: 4.0.7

  tinypool@2.2.0: {}

  vscode-languageserver-textdocument@1.0.15: {}

  vscode-uri@3.2.0: {}

  xdg-basedir@5.1.0: {}

  yaml@2.9.1: {}
